
Microsoft Visual Studio Solution File, Format Version 12.00
# Visual Studio Version 16
VisualStudioVersion = 16.0.29519.87
MinimumVisualStudioVersion = 10.0.40219.1
Project("{F184B08F-C81C-45F6-A57F-5ABD9991F28F}") = "Warewolf Game", "Warewolf Game.vbproj", "{040C48DB-55A6-4803-8698-D0B9FF3B9BD8}"
EndProject
Global
	GlobalSection(SolutionConfigurationPlatforms) = preSolution
		Debug|Any CPU = Debug|Any CPU
		Release|Any CPU = Release|Any CPU
	EndGlobalSection
	GlobalSection(ProjectConfigurationPlatforms) = postSolution
		{040C48DB-55A6-4803-8698-D0B9FF3B9BD8}.Debug|Any CPU.ActiveCfg = Debug|Any CPU
		{040C48DB-55A6-4803-8698-D0B9FF3B9BD8}.Debug|Any CPU.Build.0 = Debug|Any CPU
		{040C48DB-55A6-4803-8698-D0B9FF3B9BD8}.Release|Any CPU.ActiveCfg = Release|Any CPU
		{040C48DB-55A6-4803-8698-D0B9FF3B9BD8}.Release|Any CPU.Build.0 = Release|Any CPU
	EndGlobalSection
	GlobalSection(SolutionProperties) = preSolution
		HideSolutionNode = FALSE
	EndGlobalSection
	GlobalSection(ExtensibilityGlobals) = postSolution
		SolutionGuid = {BF797BA7-CEE8-48FF-AD56-C811112E409C}
	EndGlobalSection
EndGlobal
